// !$*UTF8*$!
{
	archiveVersion = 1;
	classes = {
	};
	objectVersion = 46;
	objects = {

/* Begin PBXBuildFile section */
		5D81BC951E4CCF78009D8379 /* main.m in Sources */ = {isa = PBXBuildFile; fileRef = 5D81BC941E4CCF78009D8379 /* main.m */; };
		5D81BCA01E4CD022009D8379 /* Patient.m in Sources */ = {isa = PBXBuildFile; fileRef = 5D81BC9F1E4CD022009D8379 /* Patient.m */; };
		5D81BCA31E4CD271009D8379 /* Doctor.m in Sources */ = {isa = PBXBuildFile; fileRef = 5D81BCA21E4CD271009D8379 /* Doctor.m */; };
		5D81BCA61E4CD590009D8379 /* UserInput.m in Sources */ = {isa = PBXBuildFile; fileRef = 5D81BCA51E4CD590009D8379 /* UserInput.m */; };
/* End PBXBuildFile section */

/* Begin PBXCopyFilesBuildPhase section */
		5D81BC8F1E4CCF77009D8379 /* CopyFiles */ = {
			isa = PBXCopyFilesBuildPhase;
			buildActionMask = 2147483647;
			dstPath = /usr/share/man/man1/;
			dstSubfolderSpec = 0;
			files = (
			);
			runOnlyForDeploymentPostprocessing = 1;
		};
/* End PBXCopyFilesBuildPhase section */

/* Begin PBXFileReference section */
		5D81BC911E4CCF78009D8379 /* PatientDoctor */ = {isa = PBXFileReference; explicitFileType = "compiled.mach-o.executable"; includeInIndex = 0; path = PatientDoctor; sourceTree = BUILT_PRODUCTS_DIR; };
		5D81BC941E4CCF78009D8379 /* main.m */ = {isa = PBXFileReference; lastKnownFileType = sourcecode.c.objc; path = main.m; sourceTree = "<group>"; };
		5D81BC9E1E4CD022009D8379 /* Patient.h */ = {isa = PBXFileReference; fileEncoding = 4; lastKnownFileType = sourcecode.c.h; path = Patient.h; sourceTree = "<group>"; };
		5D81BC9F1E4CD022009D8379 /* Patient.m */ = {isa = PBXFileReference; fileEncoding = 4; lastKnownFileType = sourcecode.c.objc; path = Patient.m; sourceTree = "<group>"; };
		5D81BCA11E4CD271009D8379 /* Doctor.h */ = {isa = PBXFileReference; fileEncoding = 4; lastKnownFileType = sourcecode.c.h; path = Doctor.h; sourceTree = "<group>"; };
		5D81BCA21E4CD271009D8379 /* Doctor.m */ = {isa = PBXFileReference; fileEncoding = 4; lastKnownFileType = sourcecode.c.objc; path = Doctor.m; sourceTree = "<group>"; };
		5D81BCA41E4CD590009D8379 /* UserInput.h */ = {isa = PBXFileReference; fileEncoding = 4; lastKnownFileType = sourcecode.c.h; path = UserInput.h; sourceTree = "<group>"; };
		5D81BCA51E4CD590009D8379 /* UserInput.m */ = {isa = PBXFileReference; fileEncoding = 4; lastKnownFileType = sourcecode.c.objc; path = UserInput.m; sourceTree = "<group>"; };
/* End PBXFileReference section */

/* Begin PBXFrameworksBuildPhase section */
		5D81BC8E1E4CCF77009D8379 /* Frameworks */ = {
			isa = PBXFrameworksBuildPhase;
			buildActionMask = 2147483647;
			files = (
			);
			runOnlyForDeploymentPostprocessing = 0;
		};
/* End PBXFrameworksBuildPhase section */

/* Begin PBXGroup section */
		5D81BC881E4CCF77009D8379 = {
			isa = PBXGroup;
			children = (
				5D81BC931E4CCF78009D8379 /* PatientDoctor */,
				5D81BC921E4CCF78009D8379 /* Products */,
			);
			sourceTree = "<group>";
		};
		5D81BC921E4CCF78009D8379 /* Products */ = {
			isa = PBXGroup;
			children = (
				5D81BC911E4CCF78009D8379 /* PatientDoctor */,
			);
			name = Products;
			sourceTree = "<group>";
		};
		5D81BC931E4CCF78009D8379 /* PatientDoctor */ = {
			isa = PBXGroup;
			children = (
				5D81BCA11E4CD271009D8379 /* Doctor.h */,
				5D81BCA21E4CD271009D8379 /* Doctor.m */,
				5D81BC9E1E4CD022009D8379 /* Patient.h */,
				5D81BC9F1E4CD022009D8379 /* Patient.m */,
				5D81BC941E4CCF78009D8379 /* main.m */,
				5D81BCA41E4CD590009D8379 /* UserInput.h */,
				5D81BCA51E4CD590009D8379 /* UserInput.m */,
			);
			path = PatientDoctor;
			sourceTree = "<group>";
		};
/* End PBXGroup section */

/* Begin PBXNativeTarget section */
		5D81BC901E4CCF77009D8379 /* PatientDoctor */ = {
			isa = PBXNativeTarget;
			buildConfigurationList = 5D81BC981E4CCF78009D8379 /* Build configuration list for PBXNativeTarget "PatientDoctor" */;
			buildPhases = (
				5D81BC8D1E4CCF77009D8379 /* Sources */,
				5D81BC8E1E4CCF77009D8379 /* Frameworks */,
				5D81BC8F1E4CCF77009D8379 /* CopyFiles */,
			);
			buildRules = (
			);
			dependencies = (
			);
			name = PatientDoctor;
			productName = PatientDoctor;
			productReference = 5D81BC911E4CCF78009D8379 /* PatientDoctor */;
			productType = "com.apple.product-type.tool";
		};
/* End PBXNativeTarget section */

/* Begin PBXProject section */
		5D81BC891E4CCF77009D8379 /* Project object */ = {
			isa = PBXProject;
			attributes = {
				LastUpgradeCheck = 0820;
				ORGANIZATIONNAME = "Sofia Knezevic";
				TargetAttributes = {
					5D81BC901E4CCF77009D8379 = {
						CreatedOnToolsVersion = 8.2.1;
						ProvisioningStyle = Automatic;
					};
				};
			};
			buildConfigurationList = 5D81BC8C1E4CCF77009D8379 /* Build configuration list for PBXProject "PatientDoctor" */;
			compatibilityVersion = "Xcode 3.2";
			developmentRegion = English;
			hasScannedForEncodings = 0;
			knownRegions = (
				en,
			);
			mainGroup = 5D81BC881E4CCF77009D8379;
			productRefGroup = 5D81BC921E4CCF78009D8379 /* Products */;
			projectDirPath = "";
			projectRoot = "";
			targets = (
				5D81BC901E4CCF77009D8379 /* PatientDoctor */,
			);
		};
/* End PBXProject section */

/* Begin PBXSourcesBuildPhase section */
		5D81BC8D1E4CCF77009D8379 /* Sources */ = {
			isa = PBXSourcesBuildPhase;
			buildActionMask = 2147483647;
			files = (
				5D81BCA01E4CD022009D8379 /* Patient.m in Sources */,
				5D81BCA61E4CD590009D8379 /* UserInput.m in Sources */,
				5D81BCA31E4CD271009D8379 /* Doctor.m in Sources */,
				5D81BC951E4CCF78009D8379 /* main.m in Sources */,
			);
			runOnlyForDeploymentPostprocessing = 0;
		};
/* End PBXSourcesBuildPhase section */

/* Begin XCBuildConfiguration section */
		5D81BC961E4CCF78009D8379 /* Debug */ = {
			isa = XCBuildConfiguration;
			buildSettings = {
				ALWAYS_SEARCH_USER_PATHS = NO;
				CLANG_ANALYZER_NONNULL = YES;
				CLANG_CXX_LANGUAGE_STANDARD = "gnu++0x";
				CLANG_CXX_LIBRARY = "libc++";
				CLANG_ENABLE_MODULES = YES;
				CLANG_ENABLE_OBJC_ARC = YES;
				CLANG_WARN_BOOL_CONVERSION = YES;
				CLANG_WARN_CONSTANT_CONVERSION = YES;
				CLANG_WARN_DIRECT_OBJC_ISA_USAGE = YES_ERROR;
				CLANG_WARN_DOCUMENTATION_COMMENTS = YES;
				CLANG_WARN_EMPTY_BODY = YES;
				CLANG_WARN_ENUM_CONVERSION = YES;
				CLANG_WARN_INFINITE_RECURSION = YES;
				CLANG_WARN_INT_CONVERSION = YES;
				CLANG_WARN_OBJC_ROOT_CLASS = YES_ERROR;
				CLANG_WARN_SUSPICIOUS_MOVE = YES;
				CLANG_WARN_UNREACHABLE_CODE = YES;
				CLANG_WARN__DUPLICATE_METHOD_MATCH = YES;
				CODE_SIGN_IDENTITY = "-";
				COPY_PHASE_STRIP = NO;
				DEBUG_INFORMATION_FORMAT = dwarf;
				ENABLE_STRICT_OBJC_MSGSEND = YES;
				ENABLE_TESTABILITY = YES;
				GCC_C_LANGUAGE_STANDARD = gnu99;
				GCC_DYNAMIC_NO_PIC = NO;
				GCC_NO_COMMON_BLOCKS = YES;
				GCC_OPTIMIZATION_LEVEL = 0;
				GCC_PREPROCESSOR_DEFINITIONS = (
					"DEBUG=1",
					"$(inherited)",
				);
				GCC_WARN_64_TO_32_BIT_CONVERSION = YES;
				GCC_WARN_ABOUT_RETURN_TYPE = YES_ERROR;
				GCC_WARN_UNDECLARED_SELECTOR = YES;
				GCC_WARN_UNINITIALIZED_AUTOS = YES_AGGRESSIVE;
				GCC_WARN_UNUSED_FUNCTION = YES;
				GCC_WARN_UNUSED_VARIABLE = YES;
				MACOSX_DEPLOYMENT_TARGET = 10.12;
				MTL_ENABLE_DEBUG_INFO = YES;
				ONLY_ACTIVE_ARCH = YES;
				SDKROOT = macosx;
			};
			name = Debug;
		};
		5D81BC971E4CCF78009D8379 /* Release */ = {
			isa = XCBuildConfiguration;
			buildSettings = {
				ALWAYS_SEARCH_USER_PATHS = NO;
				CLANG_ANALYZER_NONNULL = YES;
				CLANG_CXX_LANGUAGE_STANDARD = "gnu++0x";
				CLANG_CXX_LIBRARY = "libc++";
				CLANG_ENABLE_MODULES = YES;
				CLANG_ENABLE_OBJC_ARC = YES;
				CLANG_WARN_BOOL_CONVERSION = YES;
				CLANG_WARN_CONSTANT_CONVERSION = YES;
				CLANG_WARN_DIRECT_OBJC_ISA_USAGE = YES_ERROR;
				CLANG_WARN_DOCUMENTATION_COMMENTS = YES;
				CLANG_WARN_EMPTY_BODY = YES;
				CLANG_WARN_ENUM_CONVERSION = YES;
				CLANG_WARN_INFINITE_RECURSION = YES;
				CLANG_WARN_INT_CONVERSION = YES;
				CLANG_WARN_OBJC_ROOT_CLASS = YES_ERROR;
				CLANG_WARN_SUSPICIOUS_MOVE = YES;
				CLANG_WARN_UNREACHABLE_CODE = YES;
				CLANG_WARN__DUPLICATE_METHOD_MATCH = YES;
				CODE_SIGN_IDENTITY = "-";
				COPY_PHASE_STRIP = NO;
				DEBUG_INFORMATION_FORMAT = "dwarf-with-dsym";
				ENABLE_NS_ASSERTIONS = NO;
				ENABLE_STRICT_OBJC_MSGSEND = YES;
				GCC_C_LANGUAGE_STANDARD = gnu99;
				GCC_NO_COMMON_BLOCKS = YES;
				GCC_WARN_64_TO_32_BIT_CONVERSION = YES;
				GCC_WARN_ABOUT_RETURN_TYPE = YES_ERROR;
				GCC_WARN_UNDECLARED_SELECTOR = YES;
				GCC_WARN_UNINITIALIZED_AUTOS = YES_AGGRESSIVE;
				GCC_WARN_UNUSED_FUNCTION = YES;
				GCC_WARN_UNUSED_VARIABLE = YES;
				MACOSX_DEPLOYMENT_TARGET = 10.12;
				MTL_ENABLE_DEBUG_INFO = NO;
				SDKROOT = macosx;
			};
			name = Release;
		};
		5D81BC991E4CCF78009D8379 /* Debug */ = {
			isa = XCBuildConfiguration;
			buildSettings = {
				PRODUCT_NAME = "$(TARGET_NAME)";
			};
			name = Debug;
		};
		5D81BC9A1E4CCF78009D8379 /* Release */ = {
			isa = XCBuildConfiguration;
			buildSettings = {
				PRODUCT_NAME = "$(TARGET_NAME)";
			};
			name = Release;
		};
/* End XCBuildConfiguration section */

/* Begin XCConfigurationList section */
		5D81BC8C1E4CCF77009D8379 /* Build configuration list for PBXProject "PatientDoctor" */ = {
			isa = XCConfigurationList;
			buildConfigurations = (
				5D81BC961E4CCF78009D8379 /* Debug */,
				5D81BC971E4CCF78009D8379 /* Release */,
			);
			defaultConfigurationIsVisible = 0;
			defaultConfigurationName = Release;
		};
		5D81BC981E4CCF78009D8379 /* Build configuration list for PBXNativeTarget "PatientDoctor" */ = {
			isa = XCConfigurationList;
			buildConfigurations = (
				5D81BC991E4CCF78009D8379 /* Debug */,
				5D81BC9A1E4CCF78009D8379 /* Release */,
			);
			defaultConfigurationIsVisible = 0;
		};
/* End XCConfigurationList section */
	};
	rootObject = 5D81BC891E4CCF77009D8379 /* Project object */;
}
